
Microsoft Visual Studio Solution File, Format Version 12.00
# Visual Studio Version 17
VisualStudioVersion = 17.6.33606.364
MinimumVisualStudioVersion = 10.0.40219.1
Project("{9A19103F-16F7-4668-BE54-9A1E7A4F7556}") = "wan24-Compression", "wan24-Compression\wan24-Compression.csproj", "{A17C5885-020A-40B0-9BDE-36B3D5B5468A}"
EndProject
Project("{9A19103F-16F7-4668-BE54-9A1E7A4F7556}") = "wan24-Compression Docs", "wan24-Compression Docs\wan24-Compression Docs.csproj", "{068B58A4-3FDA-4454-8040-A661766F06AC}"
EndProject
Project("{9A19103F-16F7-4668-BE54-9A1E7A4F7556}") = "wan24-Compression Tests", "wan24-Compression Tests\wan24-Compression Tests.csproj", "{1012897F-CA96-47E8-806A-C9723D1DE904}"
EndProject
Project("{9A19103F-16F7-4668-BE54-9A1E7A4F7556}") = "wan24-Compression Shared Tests", "wan24-Compression Shared Tests\wan24-Compression Shared Tests.csproj", "{8CD086BA-72F2-424C-AAC2-547AEC8BC4AF}"
EndProject
Project("{9A19103F-16F7-4668-BE54-9A1E7A4F7556}") = "Stream-Serializer-Extensions", "..\..\Stream-Serializer-Extensions\src\Stream-Serializer-Extensions\Stream-Serializer-Extensions.csproj", "{E028AD5E-7E4D-42DB-AD5D-7F2CCC5E8DD7}"
EndProject
Project("{9A19103F-16F7-4668-BE54-9A1E7A4F7556}") = "Wan24-Core", "..\..\wan24-Core\src\Wan24-Core\Wan24-Core.csproj", "{9F1C55EE-2BFB-4384-A567-A44B995675FB}"
EndProject
Global
	GlobalSection(SolutionConfigurationPlatforms) = preSolution
		Debug|Any CPU = Debug|Any CPU
		Release|Any CPU = Release|Any CPU
		Trunk|Any CPU = Trunk|Any CPU
	EndGlobalSection
	GlobalSection(ProjectConfigurationPlatforms) = postSolution
		{A17C5885-020A-40B0-9BDE-36B3D5B5468A}.Debug|Any CPU.ActiveCfg = Debug|Any CPU
		{A17C5885-020A-40B0-9BDE-36B3D5B5468A}.Debug|Any CPU.Build.0 = Debug|Any CPU
		{A17C5885-020A-40B0-9BDE-36B3D5B5468A}.Release|Any CPU.ActiveCfg = Release|Any CPU
		{A17C5885-020A-40B0-9BDE-36B3D5B5468A}.Release|Any CPU.Build.0 = Release|Any CPU
		{A17C5885-020A-40B0-9BDE-36B3D5B5468A}.Trunk|Any CPU.ActiveCfg = Trunk|Any CPU
		{A17C5885-020A-40B0-9BDE-36B3D5B5468A}.Trunk|Any CPU.Build.0 = Trunk|Any CPU
		{068B58A4-3FDA-4454-8040-A661766F06AC}.Debug|Any CPU.ActiveCfg = Debug|Any CPU
		{068B58A4-3FDA-4454-8040-A661766F06AC}.Release|Any CPU.ActiveCfg = Release|Any CPU
		{068B58A4-3FDA-4454-8040-A661766F06AC}.Trunk|Any CPU.ActiveCfg = Trunk|Any CPU
		{1012897F-CA96-47E8-806A-C9723D1DE904}.Debug|Any CPU.ActiveCfg = Debug|Any CPU
		{1012897F-CA96-47E8-806A-C9723D1DE904}.Debug|Any CPU.Build.0 = Debug|Any CPU
		{1012897F-CA96-47E8-806A-C9723D1DE904}.Release|Any CPU.ActiveCfg = Release|Any CPU
		{1012897F-CA96-47E8-806A-C9723D1DE904}.Release|Any CPU.Build.0 = Release|Any CPU
		{1012897F-CA96-47E8-806A-C9723D1DE904}.Trunk|Any CPU.ActiveCfg = Trunk|Any CPU
		{1012897F-CA96-47E8-806A-C9723D1DE904}.Trunk|Any CPU.Build.0 = Trunk|Any CPU
		{8CD086BA-72F2-424C-AAC2-547AEC8BC4AF}.Debug|Any CPU.ActiveCfg = Debug|Any CPU
		{8CD086BA-72F2-424C-AAC2-547AEC8BC4AF}.Debug|Any CPU.Build.0 = Debug|Any CPU
		{8CD086BA-72F2-424C-AAC2-547AEC8BC4AF}.Release|Any CPU.ActiveCfg = Release|Any CPU
		{8CD086BA-72F2-424C-AAC2-547AEC8BC4AF}.Release|Any CPU.Build.0 = Release|Any CPU
		{8CD086BA-72F2-424C-AAC2-547AEC8BC4AF}.Trunk|Any CPU.ActiveCfg = Trunk|Any CPU
		{8CD086BA-72F2-424C-AAC2-547AEC8BC4AF}.Trunk|Any CPU.Build.0 = Trunk|Any CPU
		{E028AD5E-7E4D-42DB-AD5D-7F2CCC5E8DD7}.Debug|Any CPU.ActiveCfg = Debug|Any CPU
		{E028AD5E-7E4D-42DB-AD5D-7F2CCC5E8DD7}.Release|Any CPU.ActiveCfg = Release|Any CPU
		{E028AD5E-7E4D-42DB-AD5D-7F2CCC5E8DD7}.Trunk|Any CPU.ActiveCfg = Debug|Any CPU
		{9F1C55EE-2BFB-4384-A567-A44B995675FB}.Debug|Any CPU.ActiveCfg = Debug|Any CPU
		{9F1C55EE-2BFB-4384-A567-A44B995675FB}.Release|Any CPU.ActiveCfg = Release|Any CPU
		{9F1C55EE-2BFB-4384-A567-A44B995675FB}.Trunk|Any CPU.ActiveCfg = Debug|Any CPU
	EndGlobalSection
	GlobalSection(SolutionProperties) = preSolution
		HideSolutionNode = FALSE
	EndGlobalSection
	GlobalSection(ExtensibilityGlobals) = postSolution
		SolutionGuid = {99F95E69-E285-4426-B77B-9621929AEA6E}
	EndGlobalSection
EndGlobal
